# This file was autogenerated by Stack.
# You should not edit this file by hand.
# For more information, please see the documentation at:
#   https://docs.haskellstack.org/en/stable/lock_files

packages: []
snapshots:
- completed:
    size: 634538
    url: https://raw.githubusercontent.com/commercialhaskell/stackage-snapshots/master/nightly/2022/9/15.yaml
    sha256: 6ee795f48d32a1e67a8ccd6a60381e949b772cd04a43240b1a38e76cda1dd18f
  original: nightly-2022-09-15
